// !$*UTF8*$!
{
	archiveVersion = 1;
	classes = {
	};
	objectVersion = 56;
	objects = {

/* Begin PBXBuildFile section */
		9CDCB7B5298D8026005C238B /* AppDelegate.swift in Sources */ = {isa = PBXBuildFile; fileRef = 9CDCB7B4298D8026005C238B /* AppDelegate.swift */; };
		9CDCB7B7298D8026005C238B /* SceneDelegate.swift in Sources */ = {isa = PBXBuildFile; fileRef = 9CDCB7B6298D8026005C238B /* SceneDelegate.swift */; };
		9CDCB7B9298D8026005C238B /* ViewController.swift in Sources */ = {isa = PBXBuildFile; fileRef = 9CDCB7B8298D8026005C238B /* ViewController.swift */; };
		9CDCB7BC298D8026005C238B /* Main.storyboard in Resources */ = {isa = PBXBuildFile; fileRef = 9CDCB7BA298D8026005C238B /* Main.storyboard */; };
		9CDCB7BE298D8026005C238B /* Assets.xcassets in Resources */ = {isa = PBXBuildFile; fileRef = 9CDCB7BD298D8026005C238B /* Assets.xcassets */; };
		9CDCB7C1298D8026005C238B /* LaunchScreen.storyboard in Resources */ = {isa = PBXBuildFile; fileRef = 9CDCB7BF298D8026005C238B /* LaunchScreen.storyboard */; };
		9CDCB7D8298D8337005C238B /* GitRepositoriesUseCaseTests.swift in Sources */ = {isa = PBXBuildFile; fileRef = 9CDCB7D7298D8337005C238B /* GitRepositoriesUseCaseTests.swift */; };
		9CDCB7DA298D8426005C238B /* GitRepositoriesUseCase.swift in Sources */ = {isa = PBXBuildFile; fileRef = 9CDCB7D9298D8426005C238B /* GitRepositoriesUseCase.swift */; };
		9CDCB7DC298D8741005C238B /* GitRepositoriesRequest.swift in Sources */ = {isa = PBXBuildFile; fileRef = 9CDCB7DB298D8741005C238B /* GitRepositoriesRequest.swift */; };
		9CDCB7DF298D8C42005C238B /* GitTrendingMockURLProtocol.swift in Sources */ = {isa = PBXBuildFile; fileRef = 9CDCB7DE298D8C42005C238B /* GitTrendingMockURLProtocol.swift */; };
		9CDCB7E1298D8E9B005C238B /* Repository.swift in Sources */ = {isa = PBXBuildFile; fileRef = 9CDCB7E0298D8E9B005C238B /* Repository.swift */; };
		9CDCB7E3298D906C005C238B /* GitRepositoryResponse.swift in Sources */ = {isa = PBXBuildFile; fileRef = 9CDCB7E2298D906C005C238B /* GitRepositoryResponse.swift */; };
		9CDCB7E6298D9143005C238B /* NetworkFeature in Frameworks */ = {isa = PBXBuildFile; productRef = 9CDCB7E5298D9143005C238B /* NetworkFeature */; };
		9CDCB7EA298D97CD005C238B /* FakeGitRepositoryData.swift in Sources */ = {isa = PBXBuildFile; fileRef = 9CDCB7E9298D97CD005C238B /* FakeGitRepositoryData.swift */; };
		9CDCB7F3298D9C4D005C238B /* Constants.swift in Sources */ = {isa = PBXBuildFile; fileRef = 9CDCB7F2298D9C4D005C238B /* Constants.swift */; };
		9CDCB7F5298D9F14005C238B /* GitRepositoriesViewModelTests.swift in Sources */ = {isa = PBXBuildFile; fileRef = 9CDCB7F4298D9F14005C238B /* GitRepositoriesViewModelTests.swift */; };
/* End PBXBuildFile section */

/* Begin PBXContainerItemProxy section */
		9CDCB7D0298D8108005C238B /* PBXContainerItemProxy */ = {
			isa = PBXContainerItemProxy;
			containerPortal = 9CDCB7A9298D8026005C238B /* Project object */;
			proxyType = 1;
			remoteGlobalIDString = 9CDCB7B0298D8026005C238B;
			remoteInfo = GitTrending;
		};
/* End PBXContainerItemProxy section */

/* Begin PBXFileReference section */
		9CDCB7B1298D8026005C238B /* GitTrending.app */ = {isa = PBXFileReference; explicitFileType = wrapper.application; includeInIndex = 0; path = GitTrending.app; sourceTree = BUILT_PRODUCTS_DIR; };
		9CDCB7B4298D8026005C238B /* AppDelegate.swift */ = {isa = PBXFileReference; lastKnownFileType = sourcecode.swift; path = AppDelegate.swift; sourceTree = "<group>"; };
		9CDCB7B6298D8026005C238B /* SceneDelegate.swift */ = {isa = PBXFileReference; lastKnownFileType = sourcecode.swift; path = SceneDelegate.swift; sourceTree = "<group>"; };
		9CDCB7B8298D8026005C238B /* ViewController.swift */ = {isa = PBXFileReference; lastKnownFileType = sourcecode.swift; path = ViewController.swift; sourceTree = "<group>"; };
		9CDCB7BB298D8026005C238B /* Base */ = {isa = PBXFileReference; lastKnownFileType = file.storyboard; name = Base; path = Base.lproj/Main.storyboard; sourceTree = "<group>"; };
		9CDCB7BD298D8026005C238B /* Assets.xcassets */ = {isa = PBXFileReference; lastKnownFileType = folder.assetcatalog; path = Assets.xcassets; sourceTree = "<group>"; };
		9CDCB7C0298D8026005C238B /* Base */ = {isa = PBXFileReference; lastKnownFileType = file.storyboard; name = Base; path = Base.lproj/LaunchScreen.storyboard; sourceTree = "<group>"; };
		9CDCB7C2298D8026005C238B /* Info.plist */ = {isa = PBXFileReference; lastKnownFileType = text.plist.xml; path = Info.plist; sourceTree = "<group>"; };
		9CDCB7CC298D8107005C238B /* GitTrendingTests.xctest */ = {isa = PBXFileReference; explicitFileType = wrapper.cfbundle; includeInIndex = 0; path = GitTrendingTests.xctest; sourceTree = BUILT_PRODUCTS_DIR; };
		9CDCB7D7298D8337005C238B /* GitRepositoriesUseCaseTests.swift */ = {isa = PBXFileReference; lastKnownFileType = sourcecode.swift; path = GitRepositoriesUseCaseTests.swift; sourceTree = "<group>"; };
		9CDCB7D9298D8426005C238B /* GitRepositoriesUseCase.swift */ = {isa = PBXFileReference; lastKnownFileType = sourcecode.swift; path = GitRepositoriesUseCase.swift; sourceTree = "<group>"; };
		9CDCB7DB298D8741005C238B /* GitRepositoriesRequest.swift */ = {isa = PBXFileReference; lastKnownFileType = sourcecode.swift; path = GitRepositoriesRequest.swift; sourceTree = "<group>"; };
		9CDCB7DE298D8C42005C238B /* GitTrendingMockURLProtocol.swift */ = {isa = PBXFileReference; lastKnownFileType = sourcecode.swift; path = GitTrendingMockURLProtocol.swift; sourceTree = "<group>"; };
		9CDCB7E0298D8E9B005C238B /* Repository.swift */ = {isa = PBXFileReference; lastKnownFileType = sourcecode.swift; path = Repository.swift; sourceTree = "<group>"; };
		9CDCB7E2298D906C005C238B /* GitRepositoryResponse.swift */ = {isa = PBXFileReference; lastKnownFileType = sourcecode.swift; path = GitRepositoryResponse.swift; sourceTree = "<group>"; };
		9CDCB7E9298D97CD005C238B /* FakeGitRepositoryData.swift */ = {isa = PBXFileReference; lastKnownFileType = sourcecode.swift; path = FakeGitRepositoryData.swift; sourceTree = "<group>"; };
		9CDCB7F2298D9C4D005C238B /* Constants.swift */ = {isa = PBXFileReference; lastKnownFileType = sourcecode.swift; path = Constants.swift; sourceTree = "<group>"; };
		9CDCB7F4298D9F14005C238B /* GitRepositoriesViewModelTests.swift */ = {isa = PBXFileReference; lastKnownFileType = sourcecode.swift; path = GitRepositoriesViewModelTests.swift; sourceTree = "<group>"; };
/* End PBXFileReference section */

/* Begin PBXFrameworksBuildPhase section */
		9CDCB7AE298D8026005C238B /* Frameworks */ = {
			isa = PBXFrameworksBuildPhase;
			buildActionMask = 2147483647;
			files = (
				9CDCB7E6298D9143005C238B /* NetworkFeature in Frameworks */,
			);
			runOnlyForDeploymentPostprocessing = 0;
		};
		9CDCB7C9298D8107005C238B /* Frameworks */ = {
			isa = PBXFrameworksBuildPhase;
			buildActionMask = 2147483647;
			files = (
			);
			runOnlyForDeploymentPostprocessing = 0;
		};
/* End PBXFrameworksBuildPhase section */

/* Begin PBXGroup section */
		9CDCB7A8298D8026005C238B = {
			isa = PBXGroup;
			children = (
				9CDCB7B3298D8026005C238B /* GitTrending */,
				9CDCB7CD298D8108005C238B /* GitTrendingTests */,
				9CDCB7B2298D8026005C238B /* Products */,
				9CDCB7E4298D9143005C238B /* Frameworks */,
			);
			sourceTree = "<group>";
		};
		9CDCB7B2298D8026005C238B /* Products */ = {
			isa = PBXGroup;
			children = (
				9CDCB7B1298D8026005C238B /* GitTrending.app */,
				9CDCB7CC298D8107005C238B /* GitTrendingTests.xctest */,
			);
			name = Products;
			sourceTree = "<group>";
		};
		9CDCB7B3298D8026005C238B /* GitTrending */ = {
			isa = PBXGroup;
			children = (
				9CDCB7EB298D9A51005C238B /* AppSetup */,
				9CDCB7EC298D9A75005C238B /* Feature */,
				9CDCB7F0298D9C21005C238B /* Constants */,
				9CDCB7B8298D8026005C238B /* ViewController.swift */,
				9CDCB7BA298D8026005C238B /* Main.storyboard */,
				9CDCB7BD298D8026005C238B /* Assets.xcassets */,
				9CDCB7BF298D8026005C238B /* LaunchScreen.storyboard */,
				9CDCB7C2298D8026005C238B /* Info.plist */,
			);
			path = GitTrending;
			sourceTree = "<group>";
		};
		9CDCB7CD298D8108005C238B /* GitTrendingTests */ = {
			isa = PBXGroup;
			children = (
				9CDCB7EF298D9A9E005C238B /* Tests */,
				9CDCB7E8298D979D005C238B /* FakeData */,
				9CDCB7DD298D8B1B005C238B /* Mocks */,
			);
			path = GitTrendingTests;
			sourceTree = "<group>";
		};
		9CDCB7DD298D8B1B005C238B /* Mocks */ = {
			isa = PBXGroup;
			children = (
				9CDCB7DE298D8C42005C238B /* GitTrendingMockURLProtocol.swift */,
			);
			path = Mocks;
			sourceTree = "<group>";
		};
		9CDCB7E4298D9143005C238B /* Frameworks */ = {
			isa = PBXGroup;
			children = (
			);
			name = Frameworks;
			sourceTree = "<group>";
		};
		9CDCB7E8298D979D005C238B /* FakeData */ = {
			isa = PBXGroup;
			children = (
				9CDCB7E9298D97CD005C238B /* FakeGitRepositoryData.swift */,
			);
			path = FakeData;
			sourceTree = "<group>";
		};
		9CDCB7EB298D9A51005C238B /* AppSetup */ = {
			isa = PBXGroup;
			children = (
				9CDCB7B4298D8026005C238B /* AppDelegate.swift */,
				9CDCB7B6298D8026005C238B /* SceneDelegate.swift */,
			);
			path = AppSetup;
			sourceTree = "<group>";
		};
		9CDCB7EC298D9A75005C238B /* Feature */ = {
			isa = PBXGroup;
			children = (
				9CDCB7EE298D9A89005C238B /* Models */,
				9CDCB7ED298D9A7D005C238B /* UseCases */,
			);
			path = Feature;
			sourceTree = "<group>";
		};
		9CDCB7ED298D9A7D005C238B /* UseCases */ = {
			isa = PBXGroup;
			children = (
				9CDCB7D9298D8426005C238B /* GitRepositoriesUseCase.swift */,
			);
			path = UseCases;
			sourceTree = "<group>";
		};
		9CDCB7EE298D9A89005C238B /* Models */ = {
			isa = PBXGroup;
			children = (
				9CDCB7DB298D8741005C238B /* GitRepositoriesRequest.swift */,
				9CDCB7E0298D8E9B005C238B /* Repository.swift */,
				9CDCB7E2298D906C005C238B /* GitRepositoryResponse.swift */,
			);
			path = Models;
			sourceTree = "<group>";
		};
		9CDCB7EF298D9A9E005C238B /* Tests */ = {
			isa = PBXGroup;
			children = (
				9CDCB7D7298D8337005C238B /* GitRepositoriesUseCaseTests.swift */,
				9CDCB7F4298D9F14005C238B /* GitRepositoriesViewModelTests.swift */,
			);
			path = Tests;
			sourceTree = "<group>";
		};
		9CDCB7F0298D9C21005C238B /* Constants */ = {
			isa = PBXGroup;
			children = (
				9CDCB7F2298D9C4D005C238B /* Constants.swift */,
			);
			path = Constants;
			sourceTree = "<group>";
		};
/* End PBXGroup section */

/* Begin PBXNativeTarget section */
		9CDCB7B0298D8026005C238B /* GitTrending */ = {
			isa = PBXNativeTarget;
			buildConfigurationList = 9CDCB7C5298D8026005C238B /* Build configuration list for PBXNativeTarget "GitTrending" */;
			buildPhases = (
				9CDCB7AD298D8026005C238B /* Sources */,
				9CDCB7AE298D8026005C238B /* Frameworks */,
				9CDCB7AF298D8026005C238B /* Resources */,
			);
			buildRules = (
			);
			dependencies = (
			);
			name = GitTrending;
			packageProductDependencies = (
				9CDCB7E5298D9143005C238B /* NetworkFeature */,
			);
			productName = GitTrending;
			productReference = 9CDCB7B1298D8026005C238B /* GitTrending.app */;
			productType = "com.apple.product-type.application";
		};
		9CDCB7CB298D8107005C238B /* GitTrendingTests */ = {
			isa = PBXNativeTarget;
			buildConfigurationList = 9CDCB7D2298D8108005C238B /* Build configuration list for PBXNativeTarget "GitTrendingTests" */;
			buildPhases = (
				9CDCB7C8298D8107005C238B /* Sources */,
				9CDCB7C9298D8107005C238B /* Frameworks */,
				9CDCB7CA298D8107005C238B /* Resources */,
			);
			buildRules = (
			);
			dependencies = (
				9CDCB7D1298D8108005C238B /* PBXTargetDependency */,
			);
			name = GitTrendingTests;
			productName = GitTrendingTests;
			productReference = 9CDCB7CC298D8107005C238B /* GitTrendingTests.xctest */;
			productType = "com.apple.product-type.bundle.unit-test";
		};
/* End PBXNativeTarget section */

/* Begin PBXProject section */
		9CDCB7A9298D8026005C238B /* Project object */ = {
			isa = PBXProject;
			attributes = {
				BuildIndependentTargetsInParallel = 1;
				LastSwiftUpdateCheck = 1420;
				LastUpgradeCheck = 1420;
				TargetAttributes = {
					9CDCB7B0298D8026005C238B = {
						CreatedOnToolsVersion = 14.2;
					};
					9CDCB7CB298D8107005C238B = {
						CreatedOnToolsVersion = 14.2;
						LastSwiftMigration = 1420;
						TestTargetID = 9CDCB7B0298D8026005C238B;
					};
				};
			};
			buildConfigurationList = 9CDCB7AC298D8026005C238B /* Build configuration list for PBXProject "GitTrending" */;
			compatibilityVersion = "Xcode 14.0";
			developmentRegion = en;
			hasScannedForEncodings = 0;
			knownRegions = (
				en,
				Base,
			);
			mainGroup = 9CDCB7A8298D8026005C238B;
			productRefGroup = 9CDCB7B2298D8026005C238B /* Products */;
			projectDirPath = "";
			projectRoot = "";
			targets = (
				9CDCB7B0298D8026005C238B /* GitTrending */,
				9CDCB7CB298D8107005C238B /* GitTrendingTests */,
			);
		};
/* End PBXProject section */

/* Begin PBXResourcesBuildPhase section */
		9CDCB7AF298D8026005C238B /* Resources */ = {
			isa = PBXResourcesBuildPhase;
			buildActionMask = 2147483647;
			files = (
				9CDCB7C1298D8026005C238B /* LaunchScreen.storyboard in Resources */,
				9CDCB7BE298D8026005C238B /* Assets.xcassets in Resources */,
				9CDCB7BC298D8026005C238B /* Main.storyboard in Resources */,
			);
			runOnlyForDeploymentPostprocessing = 0;
		};
		9CDCB7CA298D8107005C238B /* Resources */ = {
			isa = PBXResourcesBuildPhase;
			buildActionMask = 2147483647;
			files = (
			);
			runOnlyForDeploymentPostprocessing = 0;
		};
/* End PBXResourcesBuildPhase section */

/* Begin PBXSourcesBuildPhase section */
		9CDCB7AD298D8026005C238B /* Sources */ = {
			isa = PBXSourcesBuildPhase;
			buildActionMask = 2147483647;
			files = (
				9CDCB7DA298D8426005C238B /* GitRepositoriesUseCase.swift in Sources */,
				9CDCB7B9298D8026005C238B /* ViewController.swift in Sources */,
				9CDCB7B5298D8026005C238B /* AppDelegate.swift in Sources */,
				9CDCB7B7298D8026005C238B /* SceneDelegate.swift in Sources */,
				9CDCB7DC298D8741005C238B /* GitRepositoriesRequest.swift in Sources */,
				9CDCB7E3298D906C005C238B /* GitRepositoryResponse.swift in Sources */,
				9CDCB7E1298D8E9B005C238B /* Repository.swift in Sources */,
				9CDCB7F3298D9C4D005C238B /* Constants.swift in Sources */,
			);
			runOnlyForDeploymentPostprocessing = 0;
		};
		9CDCB7C8298D8107005C238B /* Sources */ = {
			isa = PBXSourcesBuildPhase;
			buildActionMask = 2147483647;
			files = (
				9CDCB7DF298D8C42005C238B /* GitTrendingMockURLProtocol.swift in Sources */,
				9CDCB7F5298D9F14005C238B /* GitRepositoriesViewModelTests.swift in Sources */,
				9CDCB7D8298D8337005C238B /* GitRepositoriesUseCaseTests.swift in Sources */,
				9CDCB7EA298D97CD005C238B /* FakeGitRepositoryData.swift in Sources */,
			);
			runOnlyForDeploymentPostprocessing = 0;
		};
/* End PBXSourcesBuildPhase section */

/* Begin PBXTargetDependency section */
		9CDCB7D1298D8108005C238B /* PBXTargetDependency */ = {
			isa = PBXTargetDependency;
			target = 9CDCB7B0298D8026005C238B /* GitTrending */;
			targetProxy = 9CDCB7D0298D8108005C238B /* PBXContainerItemProxy */;
		};
/* End PBXTargetDependency section */

/* Begin PBXVariantGroup section */
		9CDCB7BA298D8026005C238B /* Main.storyboard */ = {
			isa = PBXVariantGroup;
			children = (
				9CDCB7BB298D8026005C238B /* Base */,
			);
			name = Main.storyboard;
			sourceTree = "<group>";
		};
		9CDCB7BF298D8026005C238B /* LaunchScreen.storyboard */ = {
			isa = PBXVariantGroup;
			children = (
				9CDCB7C0298D8026005C238B /* Base */,
			);
			name = LaunchScreen.storyboard;
			sourceTree = "<group>";
		};
/* End PBXVariantGroup section */

/* Begin XCBuildConfiguration section */
		9CDCB7C3298D8026005C238B /* Debug */ = {
			isa = XCBuildConfiguration;
			buildSettings = {
				ALWAYS_SEARCH_USER_PATHS = NO;
				CLANG_ANALYZER_NONNULL = YES;
				CLANG_ANALYZER_NUMBER_OBJECT_CONVERSION = YES_AGGRESSIVE;
				CLANG_CXX_LANGUAGE_STANDARD = "gnu++20";
				CLANG_ENABLE_MODULES = YES;
				CLANG_ENABLE_OBJC_ARC = YES;
				CLANG_ENABLE_OBJC_WEAK = YES;
				CLANG_WARN_BLOCK_CAPTURE_AUTORELEASING = YES;
				CLANG_WARN_BOOL_CONVERSION = YES;
				CLANG_WARN_COMMA = YES;
				CLANG_WARN_CONSTANT_CONVERSION = YES;
				CLANG_WARN_DEPRECATED_OBJC_IMPLEMENTATIONS = YES;
				CLANG_WARN_DIRECT_OBJC_ISA_USAGE = YES_ERROR;
				CLANG_WARN_DOCUMENTATION_COMMENTS = YES;
				CLANG_WARN_EMPTY_BODY = YES;
				CLANG_WARN_ENUM_CONVERSION = YES;
				CLANG_WARN_INFINITE_RECURSION = YES;
				CLANG_WARN_INT_CONVERSION = YES;
				CLANG_WARN_NON_LITERAL_NULL_CONVERSION = YES;
				CLANG_WARN_OBJC_IMPLICIT_RETAIN_SELF = YES;
				CLANG_WARN_OBJC_LITERAL_CONVERSION = YES;
				CLANG_WARN_OBJC_ROOT_CLASS = YES_ERROR;
				CLANG_WARN_QUOTED_INCLUDE_IN_FRAMEWORK_HEADER = YES;
				CLANG_WARN_RANGE_LOOP_ANALYSIS = YES;
				CLANG_WARN_STRICT_PROTOTYPES = YES;
				CLANG_WARN_SUSPICIOUS_MOVE = YES;
				CLANG_WARN_UNGUARDED_AVAILABILITY = YES_AGGRESSIVE;
				CLANG_WARN_UNREACHABLE_CODE = YES;
				CLANG_WARN__DUPLICATE_METHOD_MATCH = YES;
				COPY_PHASE_STRIP = NO;
				DEBUG_INFORMATION_FORMAT = dwarf;
				ENABLE_STRICT_OBJC_MSGSEND = YES;
				ENABLE_TESTABILITY = YES;
				GCC_C_LANGUAGE_STANDARD = gnu11;
				GCC_DYNAMIC_NO_PIC = NO;
				GCC_NO_COMMON_BLOCKS = YES;
				GCC_OPTIMIZATION_LEVEL = 0;
				GCC_PREPROCESSOR_DEFINITIONS = (
					"DEBUG=1",
					"$(inherited)",
				);
				GCC_WARN_64_TO_32_BIT_CONVERSION = YES;
				GCC_WARN_ABOUT_RETURN_TYPE = YES_ERROR;
				GCC_WARN_UNDECLARED_SELECTOR = YES;
				GCC_WARN_UNINITIALIZED_AUTOS = YES_AGGRESSIVE;
				GCC_WARN_UNUSED_FUNCTION = YES;
				GCC_WARN_UNUSED_VARIABLE = YES;
				IPHONEOS_DEPLOYMENT_TARGET = 16.2;
				MTL_ENABLE_DEBUG_INFO = INCLUDE_SOURCE;
				MTL_FAST_MATH = YES;
				ONLY_ACTIVE_ARCH = YES;
				SDKROOT = iphoneos;
				SWIFT_ACTIVE_COMPILATION_CONDITIONS = DEBUG;
				SWIFT_OPTIMIZATION_LEVEL = "-Onone";
			};
			name = Debug;
		};
		9CDCB7C4298D8026005C238B /* Release */ = {
			isa = XCBuildConfiguration;
			buildSettings = {
				ALWAYS_SEARCH_USER_PATHS = NO;
				CLANG_ANALYZER_NONNULL = YES;
				CLANG_ANALYZER_NUMBER_OBJECT_CONVERSION = YES_AGGRESSIVE;
				CLANG_CXX_LANGUAGE_STANDARD = "gnu++20";
				CLANG_ENABLE_MODULES = YES;
				CLANG_ENABLE_OBJC_ARC = YES;
				CLANG_ENABLE_OBJC_WEAK = YES;
				CLANG_WARN_BLOCK_CAPTURE_AUTORELEASING = YES;
				CLANG_WARN_BOOL_CONVERSION = YES;
				CLANG_WARN_COMMA = YES;
				CLANG_WARN_CONSTANT_CONVERSION = YES;
				CLANG_WARN_DEPRECATED_OBJC_IMPLEMENTATIONS = YES;
				CLANG_WARN_DIRECT_OBJC_ISA_USAGE = YES_ERROR;
				CLANG_WARN_DOCUMENTATION_COMMENTS = YES;
				CLANG_WARN_EMPTY_BODY = YES;
				CLANG_WARN_ENUM_CONVERSION = YES;
				CLANG_WARN_INFINITE_RECURSION = YES;
				CLANG_WARN_INT_CONVERSION = YES;
				CLANG_WARN_NON_LITERAL_NULL_CONVERSION = YES;
				CLANG_WARN_OBJC_IMPLICIT_RETAIN_SELF = YES;
				CLANG_WARN_OBJC_LITERAL_CONVERSION = YES;
				CLANG_WARN_OBJC_ROOT_CLASS = YES_ERROR;
				CLANG_WARN_QUOTED_INCLUDE_IN_FRAMEWORK_HEADER = YES;
				CLANG_WARN_RANGE_LOOP_ANALYSIS = YES;
				CLANG_WARN_STRICT_PROTOTYPES = YES;
				CLANG_WARN_SUSPICIOUS_MOVE = YES;
				CLANG_WARN_UNGUARDED_AVAILABILITY = YES_AGGRESSIVE;
				CLANG_WARN_UNREACHABLE_CODE = YES;
				CLANG_WARN__DUPLICATE_METHOD_MATCH = YES;
				COPY_PHASE_STRIP = NO;
				DEBUG_INFORMATION_FORMAT = "dwarf-with-dsym";
				ENABLE_NS_ASSERTIONS = NO;
				ENABLE_STRICT_OBJC_MSGSEND = YES;
				GCC_C_LANGUAGE_STANDARD = gnu11;
				GCC_NO_COMMON_BLOCKS = YES;
				GCC_WARN_64_TO_32_BIT_CONVERSION = YES;
				GCC_WARN_ABOUT_RETURN_TYPE = YES_ERROR;
				GCC_WARN_UNDECLARED_SELECTOR = YES;
				GCC_WARN_UNINITIALIZED_AUTOS = YES_AGGRESSIVE;
				GCC_WARN_UNUSED_FUNCTION = YES;
				GCC_WARN_UNUSED_VARIABLE = YES;
				IPHONEOS_DEPLOYMENT_TARGET = 16.2;
				MTL_ENABLE_DEBUG_INFO = NO;
				MTL_FAST_MATH = YES;
				SDKROOT = iphoneos;
				SWIFT_COMPILATION_MODE = wholemodule;
				SWIFT_OPTIMIZATION_LEVEL = "-O";
				VALIDATE_PRODUCT = YES;
			};
			name = Release;
		};
		9CDCB7C6298D8026005C238B /* Debug */ = {
			isa = XCBuildConfiguration;
			buildSettings = {
				ASSETCATALOG_COMPILER_APPICON_NAME = AppIcon;
				ASSETCATALOG_COMPILER_GLOBAL_ACCENT_COLOR_NAME = AccentColor;
				CODE_SIGN_STYLE = Automatic;
				CURRENT_PROJECT_VERSION = 1;
				GENERATE_INFOPLIST_FILE = YES;
				INFOPLIST_FILE = GitTrending/Info.plist;
				INFOPLIST_KEY_CFBundleDisplayName = GitTrending;
				INFOPLIST_KEY_UIApplicationSupportsIndirectInputEvents = YES;
				INFOPLIST_KEY_UILaunchStoryboardName = LaunchScreen;
				INFOPLIST_KEY_UIMainStoryboardFile = Main;
				INFOPLIST_KEY_UISupportedInterfaceOrientations = UIInterfaceOrientationPortrait;
				INFOPLIST_KEY_UISupportedInterfaceOrientations_iPad = "UIInterfaceOrientationLandscapeLeft UIInterfaceOrientationLandscapeRight UIInterfaceOrientationPortrait UIInterfaceOrientationPortraitUpsideDown";
				IPHONEOS_DEPLOYMENT_TARGET = 13.0;
				LD_RUNPATH_SEARCH_PATHS = (
					"$(inherited)",
					"@executable_path/Frameworks",
				);
				MARKETING_VERSION = 1.0;
				PRODUCT_BUNDLE_IDENTIFIER = test.GitTrending;
				PRODUCT_NAME = "$(TARGET_NAME)";
				SUPPORTED_PLATFORMS = "iphoneos iphonesimulator";
				SUPPORTS_MACCATALYST = NO;
				SUPPORTS_MAC_DESIGNED_FOR_IPHONE_IPAD = NO;
				SWIFT_EMIT_LOC_STRINGS = YES;
				SWIFT_VERSION = 5.0;
				TARGETED_DEVICE_FAMILY = 1;
			};
			name = Debug;
		};
		9CDCB7C7298D8026005C238B /* Release */ = {
			isa = XCBuildConfiguration;
			buildSettings = {
				ASSETCATALOG_COMPILER_APPICON_NAME = AppIcon;
				ASSETCATALOG_COMPILER_GLOBAL_ACCENT_COLOR_NAME = AccentColor;
				CODE_SIGN_STYLE = Automatic;
				CURRENT_PROJECT_VERSION = 1;
				GENERATE_INFOPLIST_FILE = YES;
				INFOPLIST_FILE = GitTrending/Info.plist;
				INFOPLIST_KEY_CFBundleDisplayName = GitTrending;
				INFOPLIST_KEY_UIApplicationSupportsIndirectInputEvents = YES;
				INFOPLIST_KEY_UILaunchStoryboardName = LaunchScreen;
				INFOPLIST_KEY_UIMainStoryboardFile = Main;
				INFOPLIST_KEY_UISupportedInterfaceOrientations = UIInterfaceOrientationPortrait;
				INFOPLIST_KEY_UISupportedInterfaceOrientations_iPad = "UIInterfaceOrientationLandscapeLeft UIInterfaceOrientationLandscapeRight UIInterfaceOrientationPortrait UIInterfaceOrientationPortraitUpsideDown";
				IPHONEOS_DEPLOYMENT_TARGET = 13.0;
				LD_RUNPATH_SEARCH_PATHS = (
					"$(inherited)",
					"@executable_path/Frameworks",
				);
				MARKETING_VERSION = 1.0;
				PRODUCT_BUNDLE_IDENTIFIER = test.GitTrending;
				PRODUCT_NAME = "$(TARGET_NAME)";
				SUPPORTED_PLATFORMS = "iphoneos iphonesimulator";
				SUPPORTS_MACCATALYST = NO;
				SUPPORTS_MAC_DESIGNED_FOR_IPHONE_IPAD = NO;
				SWIFT_EMIT_LOC_STRINGS = YES;
				SWIFT_VERSION = 5.0;
				TARGETED_DEVICE_FAMILY = 1;
			};
			name = Release;
		};
		9CDCB7D3298D8108005C238B /* Debug */ = {
			isa = XCBuildConfiguration;
			buildSettings = {
				BUNDLE_LOADER = "$(TEST_HOST)";
				CLANG_ENABLE_MODULES = YES;
				CODE_SIGN_STYLE = Automatic;
				CURRENT_PROJECT_VERSION = 1;
				GENERATE_INFOPLIST_FILE = YES;
				LD_RUNPATH_SEARCH_PATHS = (
					"$(inherited)",
					"@executable_path/Frameworks",
					"@loader_path/Frameworks",
				);
				MARKETING_VERSION = 1.0;
				PRODUCT_BUNDLE_IDENTIFIER = test.GitTrendingTests;
				PRODUCT_NAME = "$(TARGET_NAME)";
				SWIFT_EMIT_LOC_STRINGS = NO;
				SWIFT_OPTIMIZATION_LEVEL = "-Onone";
				SWIFT_VERSION = 5.0;
				TARGETED_DEVICE_FAMILY = "1,2";
				TEST_HOST = "$(BUILT_PRODUCTS_DIR)/GitTrending.app/$(BUNDLE_EXECUTABLE_FOLDER_PATH)/GitTrending";
			};
			name = Debug;
		};
		9CDCB7D4298D8108005C238B /* Release */ = {
			isa = XCBuildConfiguration;
			buildSettings = {
				BUNDLE_LOADER = "$(TEST_HOST)";
				CLANG_ENABLE_MODULES = YES;
				CODE_SIGN_STYLE = Automatic;
				CURRENT_PROJECT_VERSION = 1;
				GENERATE_INFOPLIST_FILE = YES;
				LD_RUNPATH_SEARCH_PATHS = (
					"$(inherited)",
					"@executable_path/Frameworks",
					"@loader_path/Frameworks",
				);
				MARKETING_VERSION = 1.0;
				PRODUCT_BUNDLE_IDENTIFIER = test.GitTrendingTests;
				PRODUCT_NAME = "$(TARGET_NAME)";
				SWIFT_EMIT_LOC_STRINGS = NO;
				SWIFT_VERSION = 5.0;
				TARGETED_DEVICE_FAMILY = "1,2";
				TEST_HOST = "$(BUILT_PRODUCTS_DIR)/GitTrending.app/$(BUNDLE_EXECUTABLE_FOLDER_PATH)/GitTrending";
			};
			name = Release;
		};
/* End XCBuildConfiguration section */

/* Begin XCConfigurationList section */
		9CDCB7AC298D8026005C238B /* Build configuration list for PBXProject "GitTrending" */ = {
			isa = XCConfigurationList;
			buildConfigurations = (
				9CDCB7C3298D8026005C238B /* Debug */,
				9CDCB7C4298D8026005C238B /* Release */,
			);
			defaultConfigurationIsVisible = 0;
			defaultConfigurationName = Release;
		};
		9CDCB7C5298D8026005C238B /* Build configuration list for PBXNativeTarget "GitTrending" */ = {
			isa = XCConfigurationList;
			buildConfigurations = (
				9CDCB7C6298D8026005C238B /* Debug */,
				9CDCB7C7298D8026005C238B /* Release */,
			);
			defaultConfigurationIsVisible = 0;
			defaultConfigurationName = Release;
		};
		9CDCB7D2298D8108005C238B /* Build configuration list for PBXNativeTarget "GitTrendingTests" */ = {
			isa = XCConfigurationList;
			buildConfigurations = (
				9CDCB7D3298D8108005C238B /* Debug */,
				9CDCB7D4298D8108005C238B /* Release */,
			);
			defaultConfigurationIsVisible = 0;
			defaultConfigurationName = Release;
		};
/* End XCConfigurationList section */

/* Begin XCSwiftPackageProductDependency section */
		9CDCB7E5298D9143005C238B /* NetworkFeature */ = {
			isa = XCSwiftPackageProductDependency;
			productName = NetworkFeature;
		};
/* End XCSwiftPackageProductDependency section */
	};
	rootObject = 9CDCB7A9298D8026005C238B /* Project object */;
}
